
Microsoft Visual Studio Solution File, Format Version 12.00
# Visual Studio 2012
Project("{2150E333-8FDC-42A3-9474-1A3956D46DE8}") = "Solution Items", "Solution Items", "{8FE8373D-13C5-48A9-A2C3-33EBC89476D0}"
	ProjectSection(SolutionItems) = preProject
		BitMaker.vsmdi = BitMaker.vsmdi
		Local.testsettings = Local.testsettings
		TraceAndTestImpact.testsettings = TraceAndTestImpact.testsettings
	EndProjectSection
EndProject
Project("{FAE04EC0-301F-11D3-BF4B-00C04F79EFBC}") = "BitMaker.Miner", "BitMaker.Miner\BitMaker.Miner.csproj", "{9231C5BC-33FE-485D-87F6-A72F9A5C919D}"
EndProject
Project("{FAE04EC0-301F-11D3-BF4B-00C04F79EFBC}") = "BitMaker", "BitMaker\BitMaker.csproj", "{CA1DBC6B-3F49-4545-9DFA-1FA0968C523C}"
EndProject
Project("{FAE04EC0-301F-11D3-BF4B-00C04F79EFBC}") = "BitMaker.Console", "BitMaker.Console\BitMaker.Console.csproj", "{0407A1B3-13AB-44DE-BBBE-5B453F610C7B}"
EndProject
Project("{FAE04EC0-301F-11D3-BF4B-00C04F79EFBC}") = "BitMaker.Utils", "BitMaker.Utils\BitMaker.Utils.csproj", "{24BBFAE2-CC57-4909-A34B-ED84068EA795}"
EndProject
Project("{FAE04EC0-301F-11D3-BF4B-00C04F79EFBC}") = "BitMaker.Utils.Tests", "BitMaker.Utils.Tests\BitMaker.Utils.Tests.csproj", "{EE089490-919E-4EC1-BBE9-F4C3909945C0}"
EndProject
Project("{8BC9CEB8-8B4A-11D0-8D11-00A0C91BC942}") = "BitMaker.Utils.Native", "BitMaker.Utils.Native\BitMaker.Utils.Native.vcxproj", "{90AA6371-FF81-4F7C-BC63-D993C7873FC2}"
EndProject
Project("{FAE04EC0-301F-11D3-BF4B-00C04F79EFBC}") = "BitMaker.Miner.Cpu", "BitMaker.Miner.Cpu\BitMaker.Miner.Cpu.csproj", "{1DCB57B9-30CB-4557-AAE5-94481CFA6B13}"
EndProject
Project("{FAE04EC0-301F-11D3-BF4B-00C04F79EFBC}") = "BitMaker.Miner.Managed", "BitMaker.Miner.Managed\BitMaker.Miner.Managed.csproj", "{41150B0B-C5B3-416D-9E17-218B4148D745}"
EndProject
Project("{FAE04EC0-301F-11D3-BF4B-00C04F79EFBC}") = "BitMaker.Miner.Sse", "BitMaker.Miner.Sse\BitMaker.Miner.Sse.csproj", "{8396D0FC-C3ED-45B3-A9BE-8F4961C0BBB1}"
EndProject
Project("{FAE04EC0-301F-11D3-BF4B-00C04F79EFBC}") = "BitMaker.Miner.Gpu", "BitMaker.Miner.Gpu\BitMaker.Miner.Gpu.csproj", "{4276299E-7F12-438C-B963-2F7EAFC30C8F}"
EndProject
Project("{FAE04EC0-301F-11D3-BF4B-00C04F79EFBC}") = "BitMaker.Miner.Avx", "BitMaker.Miner.Avx\BitMaker.Miner.Avx.csproj", "{AA88A443-9897-4E49-A2E6-771F0367DA9B}"
EndProject
Global
	GlobalSection(TestCaseManagementSettings) = postSolution
		CategoryFile = BitMaker.vsmdi
	EndGlobalSection
	GlobalSection(SolutionConfigurationPlatforms) = preSolution
		Debug|Mixed Platforms = Debug|Mixed Platforms
		Debug|x64 = Debug|x64
		Release|Mixed Platforms = Release|Mixed Platforms
		Release|x64 = Release|x64
	EndGlobalSection
	GlobalSection(ProjectConfigurationPlatforms) = postSolution
		{9231C5BC-33FE-485D-87F6-A72F9A5C919D}.Debug|Mixed Platforms.ActiveCfg = Debug|Any CPU
		{9231C5BC-33FE-485D-87F6-A72F9A5C919D}.Debug|Mixed Platforms.Build.0 = Debug|Any CPU
		{9231C5BC-33FE-485D-87F6-A72F9A5C919D}.Debug|x64.ActiveCfg = Debug|Any CPU
		{9231C5BC-33FE-485D-87F6-A72F9A5C919D}.Release|Mixed Platforms.ActiveCfg = Release|Any CPU
		{9231C5BC-33FE-485D-87F6-A72F9A5C919D}.Release|Mixed Platforms.Build.0 = Release|Any CPU
		{9231C5BC-33FE-485D-87F6-A72F9A5C919D}.Release|x64.ActiveCfg = Release|Any CPU
		{CA1DBC6B-3F49-4545-9DFA-1FA0968C523C}.Debug|Mixed Platforms.ActiveCfg = Debug|Any CPU
		{CA1DBC6B-3F49-4545-9DFA-1FA0968C523C}.Debug|Mixed Platforms.Build.0 = Debug|Any CPU
		{CA1DBC6B-3F49-4545-9DFA-1FA0968C523C}.Debug|x64.ActiveCfg = Debug|Any CPU
		{CA1DBC6B-3F49-4545-9DFA-1FA0968C523C}.Release|Mixed Platforms.ActiveCfg = Release|Any CPU
		{CA1DBC6B-3F49-4545-9DFA-1FA0968C523C}.Release|Mixed Platforms.Build.0 = Release|Any CPU
		{CA1DBC6B-3F49-4545-9DFA-1FA0968C523C}.Release|x64.ActiveCfg = Release|Any CPU
		{0407A1B3-13AB-44DE-BBBE-5B453F610C7B}.Debug|Mixed Platforms.ActiveCfg = Debug|Any CPU
		{0407A1B3-13AB-44DE-BBBE-5B453F610C7B}.Debug|Mixed Platforms.Build.0 = Debug|Any CPU
		{0407A1B3-13AB-44DE-BBBE-5B453F610C7B}.Debug|x64.ActiveCfg = Debug|Any CPU
		{0407A1B3-13AB-44DE-BBBE-5B453F610C7B}.Release|Mixed Platforms.ActiveCfg = Release|Any CPU
		{0407A1B3-13AB-44DE-BBBE-5B453F610C7B}.Release|Mixed Platforms.Build.0 = Release|Any CPU
		{0407A1B3-13AB-44DE-BBBE-5B453F610C7B}.Release|x64.ActiveCfg = Release|Any CPU
		{24BBFAE2-CC57-4909-A34B-ED84068EA795}.Debug|Mixed Platforms.ActiveCfg = Debug|Any CPU
		{24BBFAE2-CC57-4909-A34B-ED84068EA795}.Debug|Mixed Platforms.Build.0 = Debug|Any CPU
		{24BBFAE2-CC57-4909-A34B-ED84068EA795}.Debug|x64.ActiveCfg = Debug|Any CPU
		{24BBFAE2-CC57-4909-A34B-ED84068EA795}.Release|Mixed Platforms.ActiveCfg = Release|Any CPU
		{24BBFAE2-CC57-4909-A34B-ED84068EA795}.Release|Mixed Platforms.Build.0 = Release|Any CPU
		{24BBFAE2-CC57-4909-A34B-ED84068EA795}.Release|x64.ActiveCfg = Release|Any CPU
		{EE089490-919E-4EC1-BBE9-F4C3909945C0}.Debug|Mixed Platforms.ActiveCfg = Debug|Any CPU
		{EE089490-919E-4EC1-BBE9-F4C3909945C0}.Debug|Mixed Platforms.Build.0 = Debug|Any CPU
		{EE089490-919E-4EC1-BBE9-F4C3909945C0}.Debug|x64.ActiveCfg = Debug|Any CPU
		{EE089490-919E-4EC1-BBE9-F4C3909945C0}.Release|Mixed Platforms.ActiveCfg = Release|Any CPU
		{EE089490-919E-4EC1-BBE9-F4C3909945C0}.Release|Mixed Platforms.Build.0 = Release|Any CPU
		{EE089490-919E-4EC1-BBE9-F4C3909945C0}.Release|x64.ActiveCfg = Release|Any CPU
		{90AA6371-FF81-4F7C-BC63-D993C7873FC2}.Debug|Mixed Platforms.ActiveCfg = Debug|x64
		{90AA6371-FF81-4F7C-BC63-D993C7873FC2}.Debug|Mixed Platforms.Build.0 = Debug|x64
		{90AA6371-FF81-4F7C-BC63-D993C7873FC2}.Debug|x64.ActiveCfg = Debug|x64
		{90AA6371-FF81-4F7C-BC63-D993C7873FC2}.Debug|x64.Build.0 = Debug|x64
		{90AA6371-FF81-4F7C-BC63-D993C7873FC2}.Release|Mixed Platforms.ActiveCfg = Release|x64
		{90AA6371-FF81-4F7C-BC63-D993C7873FC2}.Release|Mixed Platforms.Build.0 = Release|x64
		{90AA6371-FF81-4F7C-BC63-D993C7873FC2}.Release|x64.ActiveCfg = Release|x64
		{90AA6371-FF81-4F7C-BC63-D993C7873FC2}.Release|x64.Build.0 = Release|x64
		{1DCB57B9-30CB-4557-AAE5-94481CFA6B13}.Debug|Mixed Platforms.ActiveCfg = Debug|Any CPU
		{1DCB57B9-30CB-4557-AAE5-94481CFA6B13}.Debug|Mixed Platforms.Build.0 = Debug|Any CPU
		{1DCB57B9-30CB-4557-AAE5-94481CFA6B13}.Debug|x64.ActiveCfg = Debug|Any CPU
		{1DCB57B9-30CB-4557-AAE5-94481CFA6B13}.Release|Mixed Platforms.ActiveCfg = Release|Any CPU
		{1DCB57B9-30CB-4557-AAE5-94481CFA6B13}.Release|Mixed Platforms.Build.0 = Release|Any CPU
		{1DCB57B9-30CB-4557-AAE5-94481CFA6B13}.Release|x64.ActiveCfg = Release|Any CPU
		{41150B0B-C5B3-416D-9E17-218B4148D745}.Debug|Mixed Platforms.ActiveCfg = Debug|Any CPU
		{41150B0B-C5B3-416D-9E17-218B4148D745}.Debug|Mixed Platforms.Build.0 = Debug|Any CPU
		{41150B0B-C5B3-416D-9E17-218B4148D745}.Debug|x64.ActiveCfg = Debug|Any CPU
		{41150B0B-C5B3-416D-9E17-218B4148D745}.Release|Mixed Platforms.ActiveCfg = Release|Any CPU
		{41150B0B-C5B3-416D-9E17-218B4148D745}.Release|Mixed Platforms.Build.0 = Release|Any CPU
		{41150B0B-C5B3-416D-9E17-218B4148D745}.Release|x64.ActiveCfg = Release|Any CPU
		{8396D0FC-C3ED-45B3-A9BE-8F4961C0BBB1}.Debug|Mixed Platforms.ActiveCfg = Debug|x64
		{8396D0FC-C3ED-45B3-A9BE-8F4961C0BBB1}.Debug|Mixed Platforms.Build.0 = Debug|x64
		{8396D0FC-C3ED-45B3-A9BE-8F4961C0BBB1}.Debug|x64.ActiveCfg = Debug|x64
		{8396D0FC-C3ED-45B3-A9BE-8F4961C0BBB1}.Debug|x64.Build.0 = Debug|x64
		{8396D0FC-C3ED-45B3-A9BE-8F4961C0BBB1}.Release|Mixed Platforms.ActiveCfg = Release|x64
		{8396D0FC-C3ED-45B3-A9BE-8F4961C0BBB1}.Release|Mixed Platforms.Build.0 = Release|x64
		{8396D0FC-C3ED-45B3-A9BE-8F4961C0BBB1}.Release|x64.ActiveCfg = Release|x64
		{8396D0FC-C3ED-45B3-A9BE-8F4961C0BBB1}.Release|x64.Build.0 = Release|x64
		{4276299E-7F12-438C-B963-2F7EAFC30C8F}.Debug|Mixed Platforms.ActiveCfg = Debug|Any CPU
		{4276299E-7F12-438C-B963-2F7EAFC30C8F}.Debug|Mixed Platforms.Build.0 = Debug|Any CPU
		{4276299E-7F12-438C-B963-2F7EAFC30C8F}.Debug|x64.ActiveCfg = Debug|Any CPU
		{4276299E-7F12-438C-B963-2F7EAFC30C8F}.Release|Mixed Platforms.ActiveCfg = Release|Any CPU
		{4276299E-7F12-438C-B963-2F7EAFC30C8F}.Release|Mixed Platforms.Build.0 = Release|Any CPU
		{4276299E-7F12-438C-B963-2F7EAFC30C8F}.Release|x64.ActiveCfg = Release|Any CPU
		{AA88A443-9897-4E49-A2E6-771F0367DA9B}.Debug|Mixed Platforms.ActiveCfg = Debug|x64
		{AA88A443-9897-4E49-A2E6-771F0367DA9B}.Debug|Mixed Platforms.Build.0 = Debug|x64
		{AA88A443-9897-4E49-A2E6-771F0367DA9B}.Debug|x64.ActiveCfg = Debug|x64
		{AA88A443-9897-4E49-A2E6-771F0367DA9B}.Debug|x64.Build.0 = Debug|x64
		{AA88A443-9897-4E49-A2E6-771F0367DA9B}.Release|Mixed Platforms.ActiveCfg = Release|x64
		{AA88A443-9897-4E49-A2E6-771F0367DA9B}.Release|Mixed Platforms.Build.0 = Release|x64
		{AA88A443-9897-4E49-A2E6-771F0367DA9B}.Release|x64.ActiveCfg = Release|x64
		{AA88A443-9897-4E49-A2E6-771F0367DA9B}.Release|x64.Build.0 = Release|x64
	EndGlobalSection
	GlobalSection(SolutionProperties) = preSolution
		HideSolutionNode = FALSE
	EndGlobalSection
EndGlobal
